
Microsoft Visual Studio Solution File, Format Version 12.00
# Visual Studio 14
VisualStudioVersion = 14.0.25420.1
MinimumVisualStudioVersion = 10.0.40219.1
Project("{FAE04EC0-301F-11D3-BF4B-00C04F79EFBC}") = "sm", "sm\sm.csproj", "{F77F0C64-D75D-4DB0-80A8-C23011C81FFD}"
EndProject
Project("{FAE04EC0-301F-11D3-BF4B-00C04F79EFBC}") = "sm.Tests", "sm.Tests\sm.Tests.csproj", "{B9A174F8-47E2-4E24-903A-D7A115F0AFFD}"
EndProject
Global
	GlobalSection(SolutionConfigurationPlatforms) = preSolution
		Debug|Any CPU = Debug|Any CPU
		Release|Any CPU = Release|Any CPU
	EndGlobalSection
	GlobalSection(ProjectConfigurationPlatforms) = postSolution
		{F77F0C64-D75D-4DB0-80A8-C23011C81FFD}.Debug|Any CPU.ActiveCfg = Debug|Any CPU
		{F77F0C64-D75D-4DB0-80A8-C23011C81FFD}.Debug|Any CPU.Build.0 = Debug|Any CPU
		{F77F0C64-D75D-4DB0-80A8-C23011C81FFD}.Release|Any CPU.ActiveCfg = Release|Any CPU
		{F77F0C64-D75D-4DB0-80A8-C23011C81FFD}.Release|Any CPU.Build.0 = Release|Any CPU
		{B9A174F8-47E2-4E24-903A-D7A115F0AFFD}.Debug|Any CPU.ActiveCfg = Debug|Any CPU
		{B9A174F8-47E2-4E24-903A-D7A115F0AFFD}.Debug|Any CPU.Build.0 = Debug|Any CPU
		{B9A174F8-47E2-4E24-903A-D7A115F0AFFD}.Release|Any CPU.ActiveCfg = Release|Any CPU
		{B9A174F8-47E2-4E24-903A-D7A115F0AFFD}.Release|Any CPU.Build.0 = Release|Any CPU
	EndGlobalSection
	GlobalSection(SolutionProperties) = preSolution
		HideSolutionNode = FALSE
	EndGlobalSection
EndGlobal
